
Microsoft Visual Studio Solution File, Format Version 12.00
# Visual Studio 15
VisualStudioVersion = 15.0.28307.271
MinimumVisualStudioVersion = 10.0.40219.1
Project("{FAE04EC0-301F-11D3-BF4B-00C04F79EFBC}") = "Tweetbook", "Tweetbook\Tweetbook.csproj", "{6962D4CF-70FA-418B-B4A0-61026AE3E904}"
EndProject
Global
	GlobalSection(SolutionConfigurationPlatforms) = preSolution
		Debug|Any CPU = Debug|Any CPU
		Release|Any CPU = Release|Any CPU
	EndGlobalSection
	GlobalSection(ProjectConfigurationPlatforms) = postSolution
		{6962D4CF-70FA-418B-B4A0-61026AE3E904}.Debug|Any CPU.ActiveCfg = Debug|Any CPU
		{6962D4CF-70FA-418B-B4A0-61026AE3E904}.Debug|Any CPU.Build.0 = Debug|Any CPU
		{6962D4CF-70FA-418B-B4A0-61026AE3E904}.Release|Any CPU.ActiveCfg = Release|Any CPU
		{6962D4CF-70FA-418B-B4A0-61026AE3E904}.Release|Any CPU.Build.0 = Release|Any CPU
	EndGlobalSection
	GlobalSection(SolutionProperties) = preSolution
		HideSolutionNode = FALSE
	EndGlobalSection
	GlobalSection(ExtensibilityGlobals) = postSolution
		SolutionGuid = {EE6F72DB-3B6C-42A7-A234-C2CE59035913}
	EndGlobalSection
EndGlobal
